
Microsoft Visual Studio Solution File, Format Version 12.00
# Visual Studio Version 16
VisualStudioVersion = 16.0.30330.147
MinimumVisualStudioVersion = 10.0.40219.1
Project("{FAE04EC0-301F-11D3-BF4B-00C04F79EFBC}") = "ChatPublisher", "CharPublisher\ChatPublisher.csproj", "{AC65257C-A05A-493F-BDB8-B46730CA1C90}"
EndProject
Project("{FAE04EC0-301F-11D3-BF4B-00C04F79EFBC}") = "Models", "Models\Models.csproj", "{110D4528-9A9E-4A36-B71A-8244CA4F1CB1}"
EndProject
Project("{FAE04EC0-301F-11D3-BF4B-00C04F79EFBC}") = "Services", "Services\Services.csproj", "{6542B344-52FB-47F1-8AA7-E048CC40F547}"
EndProject
Project("{9A19103F-16F7-4668-BE54-9A1E7A4F7556}") = "ChatSender", "ChatSender\ChatSender.csproj", "{CD1B9AF9-3CF8-4949-9B3A-CCB729C584C3}"
EndProject
Global
	GlobalSection(SolutionConfigurationPlatforms) = preSolution
		Debug|Any CPU = Debug|Any CPU
		Release|Any CPU = Release|Any CPU
	EndGlobalSection
	GlobalSection(ProjectConfigurationPlatforms) = postSolution
		{AC65257C-A05A-493F-BDB8-B46730CA1C90}.Debug|Any CPU.ActiveCfg = Debug|Any CPU
		{AC65257C-A05A-493F-BDB8-B46730CA1C90}.Debug|Any CPU.Build.0 = Debug|Any CPU
		{AC65257C-A05A-493F-BDB8-B46730CA1C90}.Release|Any CPU.ActiveCfg = Release|Any CPU
		{AC65257C-A05A-493F-BDB8-B46730CA1C90}.Release|Any CPU.Build.0 = Release|Any CPU
		{110D4528-9A9E-4A36-B71A-8244CA4F1CB1}.Debug|Any CPU.ActiveCfg = Debug|Any CPU
		{110D4528-9A9E-4A36-B71A-8244CA4F1CB1}.Debug|Any CPU.Build.0 = Debug|Any CPU
		{110D4528-9A9E-4A36-B71A-8244CA4F1CB1}.Release|Any CPU.ActiveCfg = Release|Any CPU
		{110D4528-9A9E-4A36-B71A-8244CA4F1CB1}.Release|Any CPU.Build.0 = Release|Any CPU
		{6542B344-52FB-47F1-8AA7-E048CC40F547}.Debug|Any CPU.ActiveCfg = Debug|Any CPU
		{6542B344-52FB-47F1-8AA7-E048CC40F547}.Debug|Any CPU.Build.0 = Debug|Any CPU
		{6542B344-52FB-47F1-8AA7-E048CC40F547}.Release|Any CPU.ActiveCfg = Release|Any CPU
		{6542B344-52FB-47F1-8AA7-E048CC40F547}.Release|Any CPU.Build.0 = Release|Any CPU
		{CD1B9AF9-3CF8-4949-9B3A-CCB729C584C3}.Debug|Any CPU.ActiveCfg = Debug|Any CPU
		{CD1B9AF9-3CF8-4949-9B3A-CCB729C584C3}.Debug|Any CPU.Build.0 = Debug|Any CPU
		{CD1B9AF9-3CF8-4949-9B3A-CCB729C584C3}.Release|Any CPU.ActiveCfg = Release|Any CPU
		{CD1B9AF9-3CF8-4949-9B3A-CCB729C584C3}.Release|Any CPU.Build.0 = Release|Any CPU
	EndGlobalSection
	GlobalSection(SolutionProperties) = preSolution
		HideSolutionNode = FALSE
	EndGlobalSection
	GlobalSection(ExtensibilityGlobals) = postSolution
		SolutionGuid = {ABED4797-8DF6-4073-8040-6123FB6648FA}
	EndGlobalSection
EndGlobal
